
Microsoft Visual Studio Solution File, Format Version 12.00
# Visual Studio Version 16
VisualStudioVersion = 16.0.30907.101
MinimumVisualStudioVersion = 10.0.40219.1
Project("{9A19103F-16F7-4668-BE54-9A1E7A4F7556}") = "TestExersize", "TestExersize\TestExersize.csproj", "{D87B1E7E-B7C8-46AC-8626-6ABAB1EB27A9}"
EndProject
Global
	GlobalSection(SolutionConfigurationPlatforms) = preSolution
		Debug|Any CPU = Debug|Any CPU
		Release|Any CPU = Release|Any CPU
	EndGlobalSection
	GlobalSection(ProjectConfigurationPlatforms) = postSolution
		{D87B1E7E-B7C8-46AC-8626-6ABAB1EB27A9}.Debug|Any CPU.ActiveCfg = Debug|Any CPU
		{D87B1E7E-B7C8-46AC-8626-6ABAB1EB27A9}.Debug|Any CPU.Build.0 = Debug|Any CPU
		{D87B1E7E-B7C8-46AC-8626-6ABAB1EB27A9}.Release|Any CPU.ActiveCfg = Release|Any CPU
		{D87B1E7E-B7C8-46AC-8626-6ABAB1EB27A9}.Release|Any CPU.Build.0 = Release|Any CPU
	EndGlobalSection
	GlobalSection(SolutionProperties) = preSolution
		HideSolutionNode = FALSE
	EndGlobalSection
	GlobalSection(ExtensibilityGlobals) = postSolution
		SolutionGuid = {DC25C5A9-4B61-4127-87EF-4E9F2B184783}
	EndGlobalSection
EndGlobal
